
Microsoft Visual Studio Solution File, Format Version 12.00
# Visual Studio Version 17
VisualStudioVersion = 17.8.34330.188
MinimumVisualStudioVersion = 10.0.40219.1
Project("{8BC9CEB8-8B4A-11D0-8D11-00A0C91BC942}") = "Project5", "Project5\Project5.vcxproj", "{5503C1BE-71F2-4E1B-B0B3-15C0652741CE}"
EndProject
Global
	GlobalSection(SolutionConfigurationPlatforms) = preSolution
		Debug|x64 = Debug|x64
		Debug|x86 = Debug|x86
		Release|x64 = Release|x64
		Release|x86 = Release|x86
	EndGlobalSection
	GlobalSection(ProjectConfigurationPlatforms) = postSolution
		{5503C1BE-71F2-4E1B-B0B3-15C0652741CE}.Debug|x64.ActiveCfg = Debug|x64
		{5503C1BE-71F2-4E1B-B0B3-15C0652741CE}.Debug|x64.Build.0 = Debug|x64
		{5503C1BE-71F2-4E1B-B0B3-15C0652741CE}.Debug|x86.ActiveCfg = Debug|Win32
		{5503C1BE-71F2-4E1B-B0B3-15C0652741CE}.Debug|x86.Build.0 = Debug|Win32
		{5503C1BE-71F2-4E1B-B0B3-15C0652741CE}.Release|x64.ActiveCfg = Release|x64
		{5503C1BE-71F2-4E1B-B0B3-15C0652741CE}.Release|x64.Build.0 = Release|x64
		{5503C1BE-71F2-4E1B-B0B3-15C0652741CE}.Release|x86.ActiveCfg = Release|Win32
		{5503C1BE-71F2-4E1B-B0B3-15C0652741CE}.Release|x86.Build.0 = Release|Win32
	EndGlobalSection
	GlobalSection(SolutionProperties) = preSolution
		HideSolutionNode = FALSE
	EndGlobalSection
	GlobalSection(ExtensibilityGlobals) = postSolution
		SolutionGuid = {4FD73B02-8F2F-4595-9655-1196983B5E7A}
	EndGlobalSection
EndGlobal
